
Microsoft Visual Studio Solution File, Format Version 12.00
# Visual Studio Version 17
VisualStudioVersion = 17.3.32811.315
MinimumVisualStudioVersion = 10.0.40219.1
Project("{FAE04EC0-301F-11D3-BF4B-00C04F79EFBC}") = "400lecieServer", "400lecieServer\400lecieServer.csproj", "{723EE6B5-6455-4C6B-9E3E-B6DBB48CCA3E}"
EndProject
Global
	GlobalSection(SolutionConfigurationPlatforms) = preSolution
		Debug|Any CPU = Debug|Any CPU
		Release|Any CPU = Release|Any CPU
	EndGlobalSection
	GlobalSection(ProjectConfigurationPlatforms) = postSolution
		{723EE6B5-6455-4C6B-9E3E-B6DBB48CCA3E}.Debug|Any CPU.ActiveCfg = Debug|Any CPU
		{723EE6B5-6455-4C6B-9E3E-B6DBB48CCA3E}.Debug|Any CPU.Build.0 = Debug|Any CPU
		{723EE6B5-6455-4C6B-9E3E-B6DBB48CCA3E}.Release|Any CPU.ActiveCfg = Release|Any CPU
		{723EE6B5-6455-4C6B-9E3E-B6DBB48CCA3E}.Release|Any CPU.Build.0 = Release|Any CPU
	EndGlobalSection
	GlobalSection(SolutionProperties) = preSolution
		HideSolutionNode = FALSE
	EndGlobalSection
	GlobalSection(ExtensibilityGlobals) = postSolution
		SolutionGuid = {8BCAB74A-4138-4CF5-9426-AADE6772D5B5}
	EndGlobalSection
EndGlobal
